
Microsoft Visual Studio Solution File, Format Version 12.00
# Visual Studio Version 17
VisualStudioVersion = 17.8.34330.188
MinimumVisualStudioVersion = 10.0.40219.1
Project("{FAE04EC0-301F-11D3-BF4B-00C04F79EFBC}") = "DAL", "DAL\DAL.csproj", "{0A5C51FB-0C41-4689-A36C-813F5EC530D3}"
EndProject
Project("{FAE04EC0-301F-11D3-BF4B-00C04F79EFBC}") = "BLL", "BLL\BLL.csproj", "{3A21F579-E445-4AD1-8677-1797E790888B}"
EndProject
Project("{9A19103F-16F7-4668-BE54-9A1E7A4F7556}") = "WebApi", "WebApi\WebApi.csproj", "{B8103A09-B372-4503-92F2-648A991069BD}"
EndProject
Global
	GlobalSection(SolutionConfigurationPlatforms) = preSolution
		Debug|Any CPU = Debug|Any CPU
		Release|Any CPU = Release|Any CPU
	EndGlobalSection
	GlobalSection(ProjectConfigurationPlatforms) = postSolution
		{0A5C51FB-0C41-4689-A36C-813F5EC530D3}.Debug|Any CPU.ActiveCfg = Debug|Any CPU
		{0A5C51FB-0C41-4689-A36C-813F5EC530D3}.Debug|Any CPU.Build.0 = Debug|Any CPU
		{0A5C51FB-0C41-4689-A36C-813F5EC530D3}.Release|Any CPU.ActiveCfg = Release|Any CPU
		{0A5C51FB-0C41-4689-A36C-813F5EC530D3}.Release|Any CPU.Build.0 = Release|Any CPU
		{3A21F579-E445-4AD1-8677-1797E790888B}.Debug|Any CPU.ActiveCfg = Debug|Any CPU
		{3A21F579-E445-4AD1-8677-1797E790888B}.Debug|Any CPU.Build.0 = Debug|Any CPU
		{3A21F579-E445-4AD1-8677-1797E790888B}.Release|Any CPU.ActiveCfg = Release|Any CPU
		{3A21F579-E445-4AD1-8677-1797E790888B}.Release|Any CPU.Build.0 = Release|Any CPU
		{B8103A09-B372-4503-92F2-648A991069BD}.Debug|Any CPU.ActiveCfg = Debug|Any CPU
		{B8103A09-B372-4503-92F2-648A991069BD}.Debug|Any CPU.Build.0 = Debug|Any CPU
		{B8103A09-B372-4503-92F2-648A991069BD}.Release|Any CPU.ActiveCfg = Release|Any CPU
		{B8103A09-B372-4503-92F2-648A991069BD}.Release|Any CPU.Build.0 = Release|Any CPU
	EndGlobalSection
	GlobalSection(SolutionProperties) = preSolution
		HideSolutionNode = FALSE
	EndGlobalSection
	GlobalSection(ExtensibilityGlobals) = postSolution
		SolutionGuid = {10528CD2-E337-43EC-A6CC-FE0F95FBCFE3}
	EndGlobalSection
EndGlobal
